
Microsoft Visual Studio Solution File, Format Version 12.00
# Visual Studio Version 17
VisualStudioVersion = 17.7.34018.315
MinimumVisualStudioVersion = 10.0.40219.1
Project("{9A19103F-16F7-4668-BE54-9A1E7A4F7556}") = "AvanpostGameProjTestTask", "AvanpostGameProjTestTask\AvanpostGameProjTestTask.csproj", "{6AA2B82D-516E-4EBE-BB5F-7F28148CA247}"
EndProject
Project("{2150E333-8FDC-42A3-9474-1A3956D46DE8}") = "Src", "Src", "{61F6F8C0-6002-49DF-951F-67DF460091F6}"
EndProject
Global
	GlobalSection(SolutionConfigurationPlatforms) = preSolution
		Debug|Any CPU = Debug|Any CPU
		Release|Any CPU = Release|Any CPU
	EndGlobalSection
	GlobalSection(ProjectConfigurationPlatforms) = postSolution
		{6AA2B82D-516E-4EBE-BB5F-7F28148CA247}.Debug|Any CPU.ActiveCfg = Debug|Any CPU
		{6AA2B82D-516E-4EBE-BB5F-7F28148CA247}.Debug|Any CPU.Build.0 = Debug|Any CPU
		{6AA2B82D-516E-4EBE-BB5F-7F28148CA247}.Release|Any CPU.ActiveCfg = Release|Any CPU
		{6AA2B82D-516E-4EBE-BB5F-7F28148CA247}.Release|Any CPU.Build.0 = Release|Any CPU
	EndGlobalSection
	GlobalSection(SolutionProperties) = preSolution
		HideSolutionNode = FALSE
	EndGlobalSection
	GlobalSection(NestedProjects) = preSolution
		{6AA2B82D-516E-4EBE-BB5F-7F28148CA247} = {61F6F8C0-6002-49DF-951F-67DF460091F6}
	EndGlobalSection
	GlobalSection(ExtensibilityGlobals) = postSolution
		SolutionGuid = {E45E3DCD-943F-4D98-AB54-FF6EE01DD151}
	EndGlobalSection
EndGlobal
